
Microsoft Visual Studio Solution File, Format Version 12.00
# Visual Studio Version 16
VisualStudioVersion = 16.0.30711.63
MinimumVisualStudioVersion = 10.0.40219.1
Project("{FAE04EC0-301F-11D3-BF4B-00C04F79EFBC}") = "FinalÖdevi", "FinalÖdevi\FinalÖdevi.csproj", "{866C775B-91C4-435B-9EB3-ADDA6C79096A}"
EndProject
Project("{54435603-DBB4-11D2-8724-00A0C9A8B90C}") = "Yemek Fabrikası Setup", "Yemek Fabrikası Setup\Yemek Fabrikası Setup.vdproj", "{F126D954-7E3E-4DB2-962C-F03545610BF5}"
EndProject
Global
	GlobalSection(SolutionConfigurationPlatforms) = preSolution
		Debug|Any CPU = Debug|Any CPU
		Release|Any CPU = Release|Any CPU
	EndGlobalSection
	GlobalSection(ProjectConfigurationPlatforms) = postSolution
		{866C775B-91C4-435B-9EB3-ADDA6C79096A}.Debug|Any CPU.ActiveCfg = Debug|Any CPU
		{866C775B-91C4-435B-9EB3-ADDA6C79096A}.Debug|Any CPU.Build.0 = Debug|Any CPU
		{866C775B-91C4-435B-9EB3-ADDA6C79096A}.Release|Any CPU.ActiveCfg = Release|Any CPU
		{866C775B-91C4-435B-9EB3-ADDA6C79096A}.Release|Any CPU.Build.0 = Release|Any CPU
		{F126D954-7E3E-4DB2-962C-F03545610BF5}.Debug|Any CPU.ActiveCfg = Debug
		{F126D954-7E3E-4DB2-962C-F03545610BF5}.Release|Any CPU.ActiveCfg = Release
	EndGlobalSection
	GlobalSection(SolutionProperties) = preSolution
		HideSolutionNode = FALSE
	EndGlobalSection
	GlobalSection(ExtensibilityGlobals) = postSolution
		SolutionGuid = {5DF7A661-BE4B-4D6C-9E82-E119CD6CEDBA}
	EndGlobalSection
EndGlobal
